{
  "name": "indelible-overlay",
  "version": "0.1.0",
  "lockfileVersion": 3,
  "requires": true,
  "packages": {
    "": {
      "name": "indelible-overlay",
      "version": "0.1.0",
      "license": "MIT",
      "dependencies": {
        "@bsv/sdk": "^1.10.4"
      },
      "bin": {
        "indelible-overlay": "start.mjs"
      },
      "engines": {
        "node": ">=18"
      }
    },
    "node_modules/@bsv/sdk": {
      "version": "1.10.4",
      "resolved": "https://registry.npmjs.org/@bsv/sdk/-/sdk-1.10.4.tgz",
      "integrity": "sha512-NuEXWwtuZ3WbER9wLtm33QCfhVwLyTyAzGholOeHo1imNDLLe7d2HADmf8hlSqAkNud3Y03S2poRc6aJMRWDrA==",
      "license": "SEE LICENSE IN LICENSE.txt"
    }
  }
}
